{
    "_meta": {
        "hash": {
            "sha256": "example-hash-for-testing"
        },
        "pipfile-spec": 6,
        "requires": {
            "python_version": "3.10"
        }
    },
    "default": {
        "celery": {
            "hashes": [],
            "version": "==5.3.4"
        },
        "pydantic": {
            "hashes": [],
            "version": "==2.5.2"
        },
        "fastapi": {
            "hashes": [],
            "version": "==0.104.1"
        }
    },
    "develop": {
        "pytest": {
            "hashes": [],
            "version": "==7.4.3"
        }
    }
}
